
Microsoft Visual Studio Solution File, Format Version 12.00
# Visual Studio Version 17
VisualStudioVersion = 17.3.32901.215
MinimumVisualStudioVersion = 10.0.40219.1
Project("{E24C65DC-7377-472B-9ABA-BC803B73C61A}") = "WebEmulator", "WebEmulator\", "{2C77D6B3-DA07-463E-B589-4C80E8C63023}"
	ProjectSection(WebsiteProperties) = preProject
		TargetFrameworkMoniker = ".NETFramework,Version%3Dv4.7.2"
		ProjectReferences = "{7a727983-dbdb-4c76-a20d-8fd0123bf61c}|EmulatorLogic.dll;"
		Debug.AspNetCompiler.VirtualPath = "/localhost_59330"
		Debug.AspNetCompiler.PhysicalPath = "WebEmulator\"
		Debug.AspNetCompiler.TargetPath = "PrecompiledWeb\localhost_59330\"
		Debug.AspNetCompiler.Updateable = "true"
		Debug.AspNetCompiler.ForceOverwrite = "true"
		Debug.AspNetCompiler.FixedNames = "false"
		Debug.AspNetCompiler.Debug = "True"
		Release.AspNetCompiler.VirtualPath = "/localhost_59330"
		Release.AspNetCompiler.PhysicalPath = "WebEmulator\"
		Release.AspNetCompiler.TargetPath = "PrecompiledWeb\localhost_59330\"
		Release.AspNetCompiler.Updateable = "true"
		Release.AspNetCompiler.ForceOverwrite = "true"
		Release.AspNetCompiler.FixedNames = "false"
		Release.AspNetCompiler.Debug = "False"
		VWDPort = "59330"
		SlnRelativePath = "WebEmulator\"
		DefaultWebSiteLanguage = "Visual C#"
	EndProjectSection
EndProject
Project("{FAE04EC0-301F-11D3-BF4B-00C04F79EFBC}") = "EmulatorLogic", "EmulatorLogic\EmulatorLogic.csproj", "{7A727983-DBDB-4C76-A20D-8FD0123BF61C}"
EndProject
Global
	GlobalSection(SolutionConfigurationPlatforms) = preSolution
		Debug|Any CPU = Debug|Any CPU
		Release|Any CPU = Release|Any CPU
	EndGlobalSection
	GlobalSection(ProjectConfigurationPlatforms) = postSolution
		{2C77D6B3-DA07-463E-B589-4C80E8C63023}.Debug|Any CPU.ActiveCfg = Debug|Any CPU
		{2C77D6B3-DA07-463E-B589-4C80E8C63023}.Debug|Any CPU.Build.0 = Debug|Any CPU
		{2C77D6B3-DA07-463E-B589-4C80E8C63023}.Release|Any CPU.ActiveCfg = Debug|Any CPU
		{2C77D6B3-DA07-463E-B589-4C80E8C63023}.Release|Any CPU.Build.0 = Debug|Any CPU
		{7A727983-DBDB-4C76-A20D-8FD0123BF61C}.Debug|Any CPU.ActiveCfg = Debug|Any CPU
		{7A727983-DBDB-4C76-A20D-8FD0123BF61C}.Debug|Any CPU.Build.0 = Debug|Any CPU
		{7A727983-DBDB-4C76-A20D-8FD0123BF61C}.Release|Any CPU.ActiveCfg = Release|Any CPU
		{7A727983-DBDB-4C76-A20D-8FD0123BF61C}.Release|Any CPU.Build.0 = Release|Any CPU
	EndGlobalSection
	GlobalSection(SolutionProperties) = preSolution
		HideSolutionNode = FALSE
	EndGlobalSection
	GlobalSection(ExtensibilityGlobals) = postSolution
		SolutionGuid = {C31F1375-05C3-4486-BA33-C80F40FFD210}
	EndGlobalSection
EndGlobal
