
Microsoft Visual Studio Solution File, Format Version 12.00
# Visual Studio Version 17
VisualStudioVersion = 17.2.32630.192
MinimumVisualStudioVersion = 10.0.40219.1
Project("{FAE04EC0-301F-11D3-BF4B-00C04F79EFBC}") = "Data", "Data\Data.csproj", "{599EC12B-BDFD-414D-9278-466764C958A8}"
EndProject
Project("{FAE04EC0-301F-11D3-BF4B-00C04F79EFBC}") = "TestAdd", "TestAdd\TestAdd.csproj", "{F5C9C9C7-2EC4-4305-8C07-4FC6EADBBC41}"
EndProject
Project("{FAE04EC0-301F-11D3-BF4B-00C04F79EFBC}") = "TestMul", "TestMul\TestMul.csproj", "{C3796066-61B3-492B-9272-0C11A0C31243}"
EndProject
Project("{FAE04EC0-301F-11D3-BF4B-00C04F79EFBC}") = "TestPow", "TestPow\TestPow.csproj", "{4FD7429F-E3E1-43B0-B1B9-41E6574473D0}"
EndProject
Global
	GlobalSection(SolutionConfigurationPlatforms) = preSolution
		Debug|Any CPU = Debug|Any CPU
		Release|Any CPU = Release|Any CPU
	EndGlobalSection
	GlobalSection(ProjectConfigurationPlatforms) = postSolution
		{599EC12B-BDFD-414D-9278-466764C958A8}.Debug|Any CPU.ActiveCfg = Debug|Any CPU
		{599EC12B-BDFD-414D-9278-466764C958A8}.Debug|Any CPU.Build.0 = Debug|Any CPU
		{599EC12B-BDFD-414D-9278-466764C958A8}.Release|Any CPU.ActiveCfg = Release|Any CPU
		{599EC12B-BDFD-414D-9278-466764C958A8}.Release|Any CPU.Build.0 = Release|Any CPU
		{F5C9C9C7-2EC4-4305-8C07-4FC6EADBBC41}.Debug|Any CPU.ActiveCfg = Debug|Any CPU
		{F5C9C9C7-2EC4-4305-8C07-4FC6EADBBC41}.Debug|Any CPU.Build.0 = Debug|Any CPU
		{F5C9C9C7-2EC4-4305-8C07-4FC6EADBBC41}.Release|Any CPU.ActiveCfg = Release|Any CPU
		{F5C9C9C7-2EC4-4305-8C07-4FC6EADBBC41}.Release|Any CPU.Build.0 = Release|Any CPU
		{C3796066-61B3-492B-9272-0C11A0C31243}.Debug|Any CPU.ActiveCfg = Debug|Any CPU
		{C3796066-61B3-492B-9272-0C11A0C31243}.Debug|Any CPU.Build.0 = Debug|Any CPU
		{C3796066-61B3-492B-9272-0C11A0C31243}.Release|Any CPU.ActiveCfg = Release|Any CPU
		{C3796066-61B3-492B-9272-0C11A0C31243}.Release|Any CPU.Build.0 = Release|Any CPU
		{4FD7429F-E3E1-43B0-B1B9-41E6574473D0}.Debug|Any CPU.ActiveCfg = Debug|Any CPU
		{4FD7429F-E3E1-43B0-B1B9-41E6574473D0}.Debug|Any CPU.Build.0 = Debug|Any CPU
		{4FD7429F-E3E1-43B0-B1B9-41E6574473D0}.Release|Any CPU.ActiveCfg = Release|Any CPU
		{4FD7429F-E3E1-43B0-B1B9-41E6574473D0}.Release|Any CPU.Build.0 = Release|Any CPU
	EndGlobalSection
	GlobalSection(SolutionProperties) = preSolution
		HideSolutionNode = FALSE
	EndGlobalSection
	GlobalSection(ExtensibilityGlobals) = postSolution
		SolutionGuid = {3B655291-3257-4E0C-9A98-6EDBD2E7C75C}
	EndGlobalSection
EndGlobal
