
Microsoft Visual Studio Solution File, Format Version 12.00
# Visual Studio Version 17
VisualStudioVersion = 17.2.32630.192
MinimumVisualStudioVersion = 10.0.40219.1
Project("{9A19103F-16F7-4668-BE54-9A1E7A4F7556}") = "Data", "Data\Data.csproj", "{599EC12B-BDFD-414D-9278-466764C958A8}"
EndProject
Project("{9A19103F-16F7-4668-BE54-9A1E7A4F7556}") = "TestAdd", "TestAdd\TestAdd.csproj", "{F5C9C9C7-2EC4-4305-8C07-4FC6EADBBC41}"
EndProject
Project("{FAE04EC0-301F-11D3-BF4B-00C04F79EFBC}") = "TestMul2", "TestMul2\TestMul2.csproj", "{8CE067FE-F344-4BCC-838C-764CB2F5972B}"
EndProject
Project("{FAE04EC0-301F-11D3-BF4B-00C04F79EFBC}") = "TestPow1", "TestPow1\TestPow1.csproj", "{2A0B0916-C5E3-4D43-91DA-0661572714EA}"
EndProject
Global
	GlobalSection(SolutionConfigurationPlatforms) = preSolution
		Debug|Any CPU = Debug|Any CPU
		Release|Any CPU = Release|Any CPU
	EndGlobalSection
	GlobalSection(ProjectConfigurationPlatforms) = postSolution
		{599EC12B-BDFD-414D-9278-466764C958A8}.Debug|Any CPU.ActiveCfg = Debug|Any CPU
		{599EC12B-BDFD-414D-9278-466764C958A8}.Debug|Any CPU.Build.0 = Debug|Any CPU
		{599EC12B-BDFD-414D-9278-466764C958A8}.Release|Any CPU.ActiveCfg = Release|Any CPU
		{599EC12B-BDFD-414D-9278-466764C958A8}.Release|Any CPU.Build.0 = Release|Any CPU
		{F5C9C9C7-2EC4-4305-8C07-4FC6EADBBC41}.Debug|Any CPU.ActiveCfg = Debug|Any CPU
		{F5C9C9C7-2EC4-4305-8C07-4FC6EADBBC41}.Debug|Any CPU.Build.0 = Debug|Any CPU
		{F5C9C9C7-2EC4-4305-8C07-4FC6EADBBC41}.Release|Any CPU.ActiveCfg = Release|Any CPU
		{F5C9C9C7-2EC4-4305-8C07-4FC6EADBBC41}.Release|Any CPU.Build.0 = Release|Any CPU
		{8CE067FE-F344-4BCC-838C-764CB2F5972B}.Debug|Any CPU.ActiveCfg = Debug|Any CPU
		{8CE067FE-F344-4BCC-838C-764CB2F5972B}.Debug|Any CPU.Build.0 = Debug|Any CPU
		{8CE067FE-F344-4BCC-838C-764CB2F5972B}.Release|Any CPU.ActiveCfg = Release|Any CPU
		{8CE067FE-F344-4BCC-838C-764CB2F5972B}.Release|Any CPU.Build.0 = Release|Any CPU
		{2A0B0916-C5E3-4D43-91DA-0661572714EA}.Debug|Any CPU.ActiveCfg = Debug|Any CPU
		{2A0B0916-C5E3-4D43-91DA-0661572714EA}.Debug|Any CPU.Build.0 = Debug|Any CPU
		{2A0B0916-C5E3-4D43-91DA-0661572714EA}.Release|Any CPU.ActiveCfg = Release|Any CPU
		{2A0B0916-C5E3-4D43-91DA-0661572714EA}.Release|Any CPU.Build.0 = Release|Any CPU
	EndGlobalSection
	GlobalSection(SolutionProperties) = preSolution
		HideSolutionNode = FALSE
	EndGlobalSection
	GlobalSection(ExtensibilityGlobals) = postSolution
		SolutionGuid = {3B655291-3257-4E0C-9A98-6EDBD2E7C75C}
	EndGlobalSection
EndGlobal
