
Microsoft Visual Studio Solution File, Format Version 12.00
# Visual Studio Version 17
VisualStudioVersion = 17.2.32630.192
MinimumVisualStudioVersion = 10.0.40219.1
Project("{FAE04EC0-301F-11D3-BF4B-00C04F79EFBC}") = "lesson-10", "lesson-10.csproj", "{8CE61F28-5D5C-407E-974B-4F6CBBAE3496}"
EndProject
Global
	GlobalSection(SolutionConfigurationPlatforms) = preSolution
		Debug|Any CPU = Debug|Any CPU
		Release|Any CPU = Release|Any CPU
	EndGlobalSection
	GlobalSection(ProjectConfigurationPlatforms) = postSolution
		{8CE61F28-5D5C-407E-974B-4F6CBBAE3496}.Debug|Any CPU.ActiveCfg = Debug|Any CPU
		{8CE61F28-5D5C-407E-974B-4F6CBBAE3496}.Debug|Any CPU.Build.0 = Debug|Any CPU
		{8CE61F28-5D5C-407E-974B-4F6CBBAE3496}.Release|Any CPU.ActiveCfg = Release|Any CPU
		{8CE61F28-5D5C-407E-974B-4F6CBBAE3496}.Release|Any CPU.Build.0 = Release|Any CPU
	EndGlobalSection
	GlobalSection(SolutionProperties) = preSolution
		HideSolutionNode = FALSE
	EndGlobalSection
	GlobalSection(ExtensibilityGlobals) = postSolution
		SolutionGuid = {2BA7B651-5B7A-4571-8862-0BF2740F5403}
	EndGlobalSection
EndGlobal
