
Microsoft Visual Studio Solution File, Format Version 12.00
# Visual Studio Version 17
VisualStudioVersion = 17.3.32901.215
MinimumVisualStudioVersion = 10.0.40219.1
Project("{FAE04EC0-301F-11D3-BF4B-00C04F79EFBC}") = "lesson21sql", "lesson21sql.csproj", "{8392A3F9-2228-45D2-8471-D64276A6E97F}"
EndProject
Global
	GlobalSection(SolutionConfigurationPlatforms) = preSolution
		Debug|Any CPU = Debug|Any CPU
		Release|Any CPU = Release|Any CPU
	EndGlobalSection
	GlobalSection(ProjectConfigurationPlatforms) = postSolution
		{8392A3F9-2228-45D2-8471-D64276A6E97F}.Debug|Any CPU.ActiveCfg = Debug|Any CPU
		{8392A3F9-2228-45D2-8471-D64276A6E97F}.Debug|Any CPU.Build.0 = Debug|Any CPU
		{8392A3F9-2228-45D2-8471-D64276A6E97F}.Release|Any CPU.ActiveCfg = Release|Any CPU
		{8392A3F9-2228-45D2-8471-D64276A6E97F}.Release|Any CPU.Build.0 = Release|Any CPU
	EndGlobalSection
	GlobalSection(SolutionProperties) = preSolution
		HideSolutionNode = FALSE
	EndGlobalSection
	GlobalSection(ExtensibilityGlobals) = postSolution
		SolutionGuid = {7E683F16-6A62-4166-B79A-82FB9FCA649D}
	EndGlobalSection
EndGlobal
